github.com/gethugothemes/hugo-modules/accordion v0.0.0-20230705095442-1f2d5ac8b18d/go.mod h1:D4DpauKPDcUHI9CVKYmJeO6bkSJIhUN864TyXZ2o0VI=
github.com/gethugothemes/hugo-modules/adsense v0.0.0-20230705095442-1f2d5ac8b18d/go.mod h1:8p/gG/cyyu20z4q5cFN/JGE5TOFA55Xsp+aIP9KCsqo=
github.com/gethugothemes/hugo-modules/components/cookie-consent v0.0.0-20230705095442-1f2d5ac8b18d/go.mod h1:511ERLpGe3ZTfV2z/NAtUSR5NqKF26h9z5lU/zYV4YQ=
github.com/gethugothemes/hugo-modules/components/crisp-chat v0.0.0-20230705095442-1f2d5ac8b18d/go.mod h1:qiV/PIeVY59RD2W885rFWc7b62uovQZO6VPFHeP5LT0=
github.com/gethugothemes/hugo-modules/components/custom-script v0.0.0-20230705095442-1f2d5ac8b18d/go.mod h1:RuDHq4WnK8sNEzAIJr4BZQ7oXhzcct/EKaAxc2Xvi9E=
github.com/gethugothemes/hugo-modules/components/preloader v0.0.0-20230705095442-1f2d5ac8b18d/go.mod h1:FP0iQ3tMOesuWFZhLst2KEvUEYPb5Jk1GW+QBP9lrwg=
github.com/gethugothemes/hugo-modules/components/render-link v0.0.0-20230705095442-1f2d5ac8b18d/go.mod h1:z3YcIeEBUonAoRDY1/Jv1ojNVkZ5ud35a0Nn8L4Inx0=
github.com/gethugothemes/hugo-modules/gallery-slider v0.0.0-20230705095442-1f2d5ac8b18d/go.mod h1:MvQ2js/ofZ22CTX5wuvE+dC0rMe6C5HAWL2fEOu/yzE=
github.com/gethugothemes/hugo-modules/gzip-caching v0.0.0-20230705095442-1f2d5ac8b18d/go.mod h1:0ZMjTZVG4XLZU2/icc8Saqo4mmgMpfRTrUZU2Aa2Pwg=
github.com/gethugothemes/hugo-modules/icons/font-awesome v0.0.0-20230705095442-1f2d5ac8b18d/go.mod h1:d3gy1vQyfasPmGpau7HpQLrXbOv23PfXclSnjyOBxeU=
github.com/gethugothemes/hugo-modules/images v0.0.0-20230705095442-1f2d5ac8b18d/go.mod h1:FKliP3qOW9diIcQeLtyZ0Hdhg3PL8bdAkC/6O+XtU90=
github.com/gethugothemes/hugo-modules/pwa v0.0.0-20230705095442-1f2d5ac8b18d/go.mod h1:TRv7iszdfo37O1PbBEE+S8X/enAdpRIxK5DGrp13Qbo=
github.com/gethugothemes/hugo-modules/seo-tools/baidu-analytics v0.0.0-20230705095442-1f2d5ac8b18d/go.mod h1:D/bbq2hSHE+r582zpC3rEdvuk8GufDnq9sGL3xCk/C0=
github.com/gethugothemes/hugo-modules/seo-tools/basic-seo v0.0.0-20230705095442-1f2d5ac8b18d/go.mod h1:Q8dPgjamV7pxwKSQyWV21Xwh5CGi23/k+M8HPTphYbs=
github.com/gethugothemes/hugo-modules/seo-tools/counter-analytics v0.0.0-20230705095442-1f2d5ac8b18d/go.mod h1:3kPooRg0PWUkciccThPQbBvIpTfSCo7W9mc3a5GxXHs=
github.com/gethugothemes/hugo-modules/seo-tools/google-tag-manager v0.0.0-20230705095442-1f2d5ac8b18d/go.mod h1:cCq50yd55eFTrpqOfeyOK5X0hU5E7qxsqOD7IzTsgLA=
github.com/gethugothemes/hugo-modules/seo-tools/matomo-analytics v0.0.0-20230705095442-1f2d5ac8b18d/go.mod h1:P2GLltWjXFBJlatFKh4l6WOBszW7+f09myLkZoBBgEs=
github.com/gethugothemes/hugo-modules/seo-tools/plausible-analytics v0.0.0-20230705095442-1f2d5ac8b18d/go.mod h1:MOJtK8ttzyqQiqs0xQkk6xgPaxGbcH7WI5thobpNvqg=
github.com/gethugothemes/hugo-modules/seo-tools/site-verifications v0.0.0-20230705095442-1f2d5ac8b18d/go.mod h1:iXielaya126qJscz7Bc2G2WB91moloQOoWru6UoBUyE=
github.com/gethugothemes/hugo-modules/shortcodes/button v0.0.0-20230705095442-1f2d5ac8b18d/go.mod h1:MSvxGvjvcGUKTs6YMATU/9kYFrzW+VSVdy4CCOQLdsY=
github.com/gethugothemes/hugo-modules/shortcodes/notice v0.0.0-20230705095442-1f2d5ac8b18d/go.mod h1:ljWyMJx82WA+6SlKjbGFhEdxcriyvUTCjXkJHDa4lho=
github.com/gethugothemes/hugo-modules/shortcodes/table-of-contents v0.0.0-20230705095442-1f2d5ac8b18d/go.mod h1:LKCp/rg9cHtfjHpIEYmpR8kuauI8JNN79nmdkFURXp0=
github.com/gethugothemes/hugo-modules/tab v0.0.0-20230705095442-1f2d5ac8b18d/go.mod h1:h3UxlxrFoU19JldxWLPBKaTZFe3AJtABrqo1wfxr+Ng=
github.com/gethugothemes/hugo-modules/videos v0.0.0-20230705095442-1f2d5ac8b18d/go.mod h1:P722lLWdnNhdZVq6gvMrOLqECUwrAYQWaOWlChta5H0=
github.com/gohugoio/hugo-mod-bootstrap-scss/v5 v5.20300.20003/go.mod h1:mvM05r93HiefwoaxQTaYiJxtJAhTebwQtU1Xh/J+Okk=
github.com/gohugoio/hugo-mod-jslibs-dist/popperjs/v2 v2.21100.20000/go.mod h1:mFberT6ZtcchrsDtfvJM7aAH2bDKLdOnruUHl0hlapI=
github.com/twbs/bootstrap v5.3.0+incompatible/go.mod h1:fZTSrkpSf0/HkL0IIJzvVspTt1r9zuf7XlZau8kpcY0=
github.com/twbs/bootstrap v5.3.1+incompatible h1:VZq/ulwa2CvsK7F9LFzkCVLzaCkTYOVyW5c3FBICUsM=
github.com/twbs/bootstrap v5.3.1+incompatible/go.mod h1:fZTSrkpSf0/HkL0IIJzvVspTt1r9zuf7XlZau8kpcY0=
